
Microsoft Visual Studio Solution File, Format Version 12.00
# Visual Studio Version 17
VisualStudioVersion = 17.0.31912.275
MinimumVisualStudioVersion = 10.0.40219.1
Project("{FAE04EC0-301F-11D3-BF4B-00C04F79EFBC}") = "Entities", "Entities\Entities.csproj", "{8190809D-E8FD-4741-98A2-3C0A2CF0B39E}"
EndProject
Project("{FAE04EC0-301F-11D3-BF4B-00C04F79EFBC}") = "Business", "Business\Business.csproj", "{4EFCE3B7-C66E-46B2-ADF8-E836DBBEB42C}"
EndProject
Project("{FAE04EC0-301F-11D3-BF4B-00C04F79EFBC}") = "DataAccess", "DataAccess\DataAccess.csproj", "{B2744C9F-136D-441C-BF43-D1444C5072F7}"
EndProject
Project("{FAE04EC0-301F-11D3-BF4B-00C04F79EFBC}") = "Core", "Core\Core.csproj", "{8222B0B1-4DFF-4279-8675-77CA35B2FE80}"
EndProject
Project("{FAE04EC0-301F-11D3-BF4B-00C04F79EFBC}") = "WebAPI", "WebAPI\WebAPI.csproj", "{A460817E-6EDA-40D9-8D52-75B16676C588}"
EndProject
Global
	GlobalSection(SolutionConfigurationPlatforms) = preSolution
		Debug|Any CPU = Debug|Any CPU
		Release|Any CPU = Release|Any CPU
	EndGlobalSection
	GlobalSection(ProjectConfigurationPlatforms) = postSolution
		{8190809D-E8FD-4741-98A2-3C0A2CF0B39E}.Debug|Any CPU.ActiveCfg = Debug|Any CPU
		{8190809D-E8FD-4741-98A2-3C0A2CF0B39E}.Debug|Any CPU.Build.0 = Debug|Any CPU
		{8190809D-E8FD-4741-98A2-3C0A2CF0B39E}.Release|Any CPU.ActiveCfg = Release|Any CPU
		{8190809D-E8FD-4741-98A2-3C0A2CF0B39E}.Release|Any CPU.Build.0 = Release|Any CPU
		{4EFCE3B7-C66E-46B2-ADF8-E836DBBEB42C}.Debug|Any CPU.ActiveCfg = Debug|Any CPU
		{4EFCE3B7-C66E-46B2-ADF8-E836DBBEB42C}.Debug|Any CPU.Build.0 = Debug|Any CPU
		{4EFCE3B7-C66E-46B2-ADF8-E836DBBEB42C}.Release|Any CPU.ActiveCfg = Release|Any CPU
		{4EFCE3B7-C66E-46B2-ADF8-E836DBBEB42C}.Release|Any CPU.Build.0 = Release|Any CPU
		{B2744C9F-136D-441C-BF43-D1444C5072F7}.Debug|Any CPU.ActiveCfg = Debug|Any CPU
		{B2744C9F-136D-441C-BF43-D1444C5072F7}.Debug|Any CPU.Build.0 = Debug|Any CPU
		{B2744C9F-136D-441C-BF43-D1444C5072F7}.Release|Any CPU.ActiveCfg = Release|Any CPU
		{B2744C9F-136D-441C-BF43-D1444C5072F7}.Release|Any CPU.Build.0 = Release|Any CPU
		{8222B0B1-4DFF-4279-8675-77CA35B2FE80}.Debug|Any CPU.ActiveCfg = Debug|Any CPU
		{8222B0B1-4DFF-4279-8675-77CA35B2FE80}.Debug|Any CPU.Build.0 = Debug|Any CPU
		{8222B0B1-4DFF-4279-8675-77CA35B2FE80}.Release|Any CPU.ActiveCfg = Release|Any CPU
		{8222B0B1-4DFF-4279-8675-77CA35B2FE80}.Release|Any CPU.Build.0 = Release|Any CPU
		{A460817E-6EDA-40D9-8D52-75B16676C588}.Debug|Any CPU.ActiveCfg = Debug|Any CPU
		{A460817E-6EDA-40D9-8D52-75B16676C588}.Debug|Any CPU.Build.0 = Debug|Any CPU
		{A460817E-6EDA-40D9-8D52-75B16676C588}.Release|Any CPU.ActiveCfg = Release|Any CPU
		{A460817E-6EDA-40D9-8D52-75B16676C588}.Release|Any CPU.Build.0 = Release|Any CPU
	EndGlobalSection
	GlobalSection(SolutionProperties) = preSolution
		HideSolutionNode = FALSE
	EndGlobalSection
	GlobalSection(ExtensibilityGlobals) = postSolution
		SolutionGuid = {3E485CBE-737B-435B-90F2-E97AA5623537}
	EndGlobalSection
EndGlobal
